
Microsoft Visual Studio Solution File, Format Version 12.00
# Visual Studio Version 17
VisualStudioVersion = 17.9.34607.119
MinimumVisualStudioVersion = 10.0.40219.1
Project("{9A19103F-16F7-4668-BE54-9A1E7A4F7556}") = "UpNotes", "UpNotes\UpNotes.csproj", "{528CFBBD-CA8C-4465-8889-9181127B5C56}"
EndProject
Project("{9A19103F-16F7-4668-BE54-9A1E7A4F7556}") = "UpNotes.Client", "UpNotes.Client\UpNotes.Client.csproj", "{746C962E-C3B6-4214-9FB5-0D4704DC632C}"
EndProject
Project("{9A19103F-16F7-4668-BE54-9A1E7A4F7556}") = "UpNotes.Tests", "UpNotes.Tests\UpNotes.Tests.csproj", "{D9370A18-FF12-4EB8-A7DD-D042683EB967}"
EndProject
Global
	GlobalSection(SolutionConfigurationPlatforms) = preSolution
		Debug|Any CPU = Debug|Any CPU
		Release|Any CPU = Release|Any CPU
	EndGlobalSection
	GlobalSection(ProjectConfigurationPlatforms) = postSolution
		{528CFBBD-CA8C-4465-8889-9181127B5C56}.Debug|Any CPU.ActiveCfg = Debug|Any CPU
		{528CFBBD-CA8C-4465-8889-9181127B5C56}.Debug|Any CPU.Build.0 = Debug|Any CPU
		{528CFBBD-CA8C-4465-8889-9181127B5C56}.Release|Any CPU.ActiveCfg = Release|Any CPU
		{528CFBBD-CA8C-4465-8889-9181127B5C56}.Release|Any CPU.Build.0 = Release|Any CPU
		{746C962E-C3B6-4214-9FB5-0D4704DC632C}.Debug|Any CPU.ActiveCfg = Debug|Any CPU
		{746C962E-C3B6-4214-9FB5-0D4704DC632C}.Debug|Any CPU.Build.0 = Debug|Any CPU
		{746C962E-C3B6-4214-9FB5-0D4704DC632C}.Release|Any CPU.ActiveCfg = Release|Any CPU
		{746C962E-C3B6-4214-9FB5-0D4704DC632C}.Release|Any CPU.Build.0 = Release|Any CPU
		{D9370A18-FF12-4EB8-A7DD-D042683EB967}.Debug|Any CPU.ActiveCfg = Debug|Any CPU
		{D9370A18-FF12-4EB8-A7DD-D042683EB967}.Debug|Any CPU.Build.0 = Debug|Any CPU
		{D9370A18-FF12-4EB8-A7DD-D042683EB967}.Release|Any CPU.ActiveCfg = Release|Any CPU
		{D9370A18-FF12-4EB8-A7DD-D042683EB967}.Release|Any CPU.Build.0 = Release|Any CPU
	EndGlobalSection
	GlobalSection(SolutionProperties) = preSolution
		HideSolutionNode = FALSE
	EndGlobalSection
	GlobalSection(ExtensibilityGlobals) = postSolution
		SolutionGuid = {29F9A0A8-C3EE-40FC-8DC9-FB0987FD2ED3}
	EndGlobalSection
EndGlobal
